
Microsoft Visual Studio Solution File, Format Version 12.00
# Visual Studio Version 16
VisualStudioVersion = 16.0.31005.135
MinimumVisualStudioVersion = 10.0.40219.1
Project("{FAE04EC0-301F-11D3-BF4B-00C04F79EFBC}") = "P01_HospitalDatabase", "P01_HospitalDatabase\P01_HospitalDatabase.csproj", "{63B2AD8F-8BC8-4C91-B5C1-C2A0E0F9D364}"
EndProject
Project("{FAE04EC0-301F-11D3-BF4B-00C04F79EFBC}") = "P03_SalesDatabase", "P03_SalesDatabase\P03_SalesDatabase.csproj", "{71AAE5A3-6862-4F9B-8F3C-3A04C00BB11B}"
EndProject
Global
	GlobalSection(SolutionConfigurationPlatforms) = preSolution
		Debug|Any CPU = Debug|Any CPU
		Release|Any CPU = Release|Any CPU
	EndGlobalSection
	GlobalSection(ProjectConfigurationPlatforms) = postSolution
		{63B2AD8F-8BC8-4C91-B5C1-C2A0E0F9D364}.Debug|Any CPU.ActiveCfg = Debug|Any CPU
		{63B2AD8F-8BC8-4C91-B5C1-C2A0E0F9D364}.Debug|Any CPU.Build.0 = Debug|Any CPU
		{63B2AD8F-8BC8-4C91-B5C1-C2A0E0F9D364}.Release|Any CPU.ActiveCfg = Release|Any CPU
		{63B2AD8F-8BC8-4C91-B5C1-C2A0E0F9D364}.Release|Any CPU.Build.0 = Release|Any CPU
		{71AAE5A3-6862-4F9B-8F3C-3A04C00BB11B}.Debug|Any CPU.ActiveCfg = Debug|Any CPU
		{71AAE5A3-6862-4F9B-8F3C-3A04C00BB11B}.Debug|Any CPU.Build.0 = Debug|Any CPU
		{71AAE5A3-6862-4F9B-8F3C-3A04C00BB11B}.Release|Any CPU.ActiveCfg = Release|Any CPU
		{71AAE5A3-6862-4F9B-8F3C-3A04C00BB11B}.Release|Any CPU.Build.0 = Release|Any CPU
	EndGlobalSection
	GlobalSection(SolutionProperties) = preSolution
		HideSolutionNode = FALSE
	EndGlobalSection
	GlobalSection(ExtensibilityGlobals) = postSolution
		SolutionGuid = {C468A28C-9473-475D-A416-EFBADDDAAD43}
	EndGlobalSection
EndGlobal
