
Microsoft Visual Studio Solution File, Format Version 12.00
# Visual Studio Version 16
VisualStudioVersion = 16.0.31005.135
MinimumVisualStudioVersion = 10.0.40219.1
Project("{FAE04EC0-301F-11D3-BF4B-00C04F79EFBC}") = "SoftUni", "EFCoreIntroExe\SoftUni.csproj", "{4354510C-605B-449D-A3D6-7B6CFC277AAA}"
EndProject
Global
	GlobalSection(SolutionConfigurationPlatforms) = preSolution
		Debug|Any CPU = Debug|Any CPU
		Release|Any CPU = Release|Any CPU
	EndGlobalSection
	GlobalSection(ProjectConfigurationPlatforms) = postSolution
		{4354510C-605B-449D-A3D6-7B6CFC277AAA}.Debug|Any CPU.ActiveCfg = Debug|Any CPU
		{4354510C-605B-449D-A3D6-7B6CFC277AAA}.Debug|Any CPU.Build.0 = Debug|Any CPU
		{4354510C-605B-449D-A3D6-7B6CFC277AAA}.Release|Any CPU.ActiveCfg = Release|Any CPU
		{4354510C-605B-449D-A3D6-7B6CFC277AAA}.Release|Any CPU.Build.0 = Release|Any CPU
	EndGlobalSection
	GlobalSection(SolutionProperties) = preSolution
		HideSolutionNode = FALSE
	EndGlobalSection
	GlobalSection(ExtensibilityGlobals) = postSolution
		SolutionGuid = {F092D8F2-1F6F-40A7-9994-96FB7F43864C}
	EndGlobalSection
EndGlobal
