
Microsoft Visual Studio Solution File, Format Version 12.00
# Visual Studio Version 16
VisualStudioVersion = 16.0.31005.135
MinimumVisualStudioVersion = 10.0.40219.1
Project("{FAE04EC0-301F-11D3-BF4B-00C04F79EFBC}") = "CSharpEFAdo.netDemo", "CSharpEFAdo.netDemo\CSharpEFAdo.netDemo.csproj", "{5758A323-3F6A-413B-B2B1-80885ADC415A}"
EndProject
Global
	GlobalSection(SolutionConfigurationPlatforms) = preSolution
		Debug|Any CPU = Debug|Any CPU
		Release|Any CPU = Release|Any CPU
	EndGlobalSection
	GlobalSection(ProjectConfigurationPlatforms) = postSolution
		{5758A323-3F6A-413B-B2B1-80885ADC415A}.Debug|Any CPU.ActiveCfg = Debug|Any CPU
		{5758A323-3F6A-413B-B2B1-80885ADC415A}.Debug|Any CPU.Build.0 = Debug|Any CPU
		{5758A323-3F6A-413B-B2B1-80885ADC415A}.Release|Any CPU.ActiveCfg = Release|Any CPU
		{5758A323-3F6A-413B-B2B1-80885ADC415A}.Release|Any CPU.Build.0 = Release|Any CPU
	EndGlobalSection
	GlobalSection(SolutionProperties) = preSolution
		HideSolutionNode = FALSE
	EndGlobalSection
	GlobalSection(ExtensibilityGlobals) = postSolution
		SolutionGuid = {F570444F-FFF4-4AF2-AAC8-6582A586F2F5}
	EndGlobalSection
EndGlobal
