
Microsoft Visual Studio Solution File, Format Version 12.00
# Visual Studio Version 16
VisualStudioVersion = 16.0.31005.135
MinimumVisualStudioVersion = 10.0.40219.1
Project("{FAE04EC0-301F-11D3-BF4B-00C04F79EFBC}") = "EFCore Introduction", "EFCore Introduction\EFCore Introduction.csproj", "{B27B4FDA-5951-4DB7-B401-9061DB20388B}"
EndProject
Global
	GlobalSection(SolutionConfigurationPlatforms) = preSolution
		Debug|Any CPU = Debug|Any CPU
		Release|Any CPU = Release|Any CPU
	EndGlobalSection
	GlobalSection(ProjectConfigurationPlatforms) = postSolution
		{B27B4FDA-5951-4DB7-B401-9061DB20388B}.Debug|Any CPU.ActiveCfg = Debug|Any CPU
		{B27B4FDA-5951-4DB7-B401-9061DB20388B}.Debug|Any CPU.Build.0 = Debug|Any CPU
		{B27B4FDA-5951-4DB7-B401-9061DB20388B}.Release|Any CPU.ActiveCfg = Release|Any CPU
		{B27B4FDA-5951-4DB7-B401-9061DB20388B}.Release|Any CPU.Build.0 = Release|Any CPU
	EndGlobalSection
	GlobalSection(SolutionProperties) = preSolution
		HideSolutionNode = FALSE
	EndGlobalSection
	GlobalSection(ExtensibilityGlobals) = postSolution
		SolutionGuid = {77A99E84-B738-4327-BA95-C80678909167}
	EndGlobalSection
EndGlobal
